// !$*UTF8*$!
{
	archiveVersion = 1;
	classes = {
	};
	objectVersion = 51;
	objects = {

/* Begin PBXBuildFile section */
		E8A3EBA29F202EB31A1879FC /* Pods_CleanArchitecture.framework in Frameworks */ = {isa = PBXBuildFile; fileRef = 27CE9262A4ADD8EEDA2A42E1 /* Pods_CleanArchitecture.framework */; };
		EA37937A2694596D002F81DF /* NetworkChecker.swift in Sources */ = {isa = PBXBuildFile; fileRef = EA3793732694596C002F81DF /* NetworkChecker.swift */; };
		EA37937B2694596D002F81DF /* API.swift in Sources */ = {isa = PBXBuildFile; fileRef = EA3793742694596C002F81DF /* API.swift */; };
		EA37937C2694596D002F81DF /* MpayService.swift in Sources */ = {isa = PBXBuildFile; fileRef = EA3793752694596C002F81DF /* MpayService.swift */; };
		EA37937D2694596D002F81DF /* RequestBuilder.swift in Sources */ = {isa = PBXBuildFile; fileRef = EA3793762694596C002F81DF /* RequestBuilder.swift */; };
		EA37937E2694596D002F81DF /* APIError + APIResult.swift in Sources */ = {isa = PBXBuildFile; fileRef = EA3793772694596C002F81DF /* APIError + APIResult.swift */; };
		EA37937F2694596D002F81DF /* NetworkService.swift in Sources */ = {isa = PBXBuildFile; fileRef = EA3793782694596C002F81DF /* NetworkService.swift */; };
		EA3793802694596D002F81DF /* NetworkConfig.swift in Sources */ = {isa = PBXBuildFile; fileRef = EA3793792694596C002F81DF /* NetworkConfig.swift */; };
		EA3793A726945B5D002F81DF /* TestModel.swift in Sources */ = {isa = PBXBuildFile; fileRef = EA3793A626945B5D002F81DF /* TestModel.swift */; };
		EA38197826946072007719C3 /* LoginPresenter.swift in Sources */ = {isa = PBXBuildFile; fileRef = EA38197226946072007719C3 /* LoginPresenter.swift */; };
		EA38197926946072007719C3 /* LoginWorker.swift in Sources */ = {isa = PBXBuildFile; fileRef = EA38197326946072007719C3 /* LoginWorker.swift */; };
		EA38197A26946072007719C3 /* LoginRouter.swift in Sources */ = {isa = PBXBuildFile; fileRef = EA38197426946072007719C3 /* LoginRouter.swift */; };
		EA38197B26946072007719C3 /* LoginModels.swift in Sources */ = {isa = PBXBuildFile; fileRef = EA38197526946072007719C3 /* LoginModels.swift */; };
		EA38197C26946072007719C3 /* LoginViewController.swift in Sources */ = {isa = PBXBuildFile; fileRef = EA38197626946072007719C3 /* LoginViewController.swift */; };
		EA38197D26946072007719C3 /* LoginInteractor.swift in Sources */ = {isa = PBXBuildFile; fileRef = EA38197726946072007719C3 /* LoginInteractor.swift */; };
		EA38198026946122007719C3 /* MainView.swift in Sources */ = {isa = PBXBuildFile; fileRef = EA38197F26946122007719C3 /* MainView.swift */; };
		EA38198926946188007719C3 /* Validation.swift in Sources */ = {isa = PBXBuildFile; fileRef = EA38198426946188007719C3 /* Validation.swift */; };
		EA38198A26946188007719C3 /* ButtonBuilder.swift in Sources */ = {isa = PBXBuildFile; fileRef = EA38198526946188007719C3 /* ButtonBuilder.swift */; };
		EA38198B26946188007719C3 /* LabelBuilder.swift in Sources */ = {isa = PBXBuildFile; fileRef = EA38198626946188007719C3 /* LabelBuilder.swift */; };
		EA38198C26946188007719C3 /* Builder.swift in Sources */ = {isa = PBXBuildFile; fileRef = EA38198726946188007719C3 /* Builder.swift */; };
		EA38198D26946188007719C3 /* TextFieldBuilder.swift in Sources */ = {isa = PBXBuildFile; fileRef = EA38198826946188007719C3 /* TextFieldBuilder.swift */; };
		EAEBAFC526945761008FCDA2 /* AppDelegate.swift in Sources */ = {isa = PBXBuildFile; fileRef = EAEBAFC426945761008FCDA2 /* AppDelegate.swift */; };
		EAEBAFC726945761008FCDA2 /* SceneDelegate.swift in Sources */ = {isa = PBXBuildFile; fileRef = EAEBAFC626945761008FCDA2 /* SceneDelegate.swift */; };
		EAEBAFCE26945762008FCDA2 /* Assets.xcassets in Resources */ = {isa = PBXBuildFile; fileRef = EAEBAFCD26945762008FCDA2 /* Assets.xcassets */; };
		EAEBAFD126945762008FCDA2 /* LaunchScreen.storyboard in Resources */ = {isa = PBXBuildFile; fileRef = EAEBAFCF26945762008FCDA2 /* LaunchScreen.storyboard */; };
		EAEBAFE226945856008FCDA2 /* MainPresenter.swift in Sources */ = {isa = PBXBuildFile; fileRef = EAEBAFDC26945855008FCDA2 /* MainPresenter.swift */; };
		EAEBAFE326945856008FCDA2 /* MainWorker.swift in Sources */ = {isa = PBXBuildFile; fileRef = EAEBAFDD26945856008FCDA2 /* MainWorker.swift */; };
		EAEBAFE426945856008FCDA2 /* MainRouter.swift in Sources */ = {isa = PBXBuildFile; fileRef = EAEBAFDE26945856008FCDA2 /* MainRouter.swift */; };
		EAEBAFE526945856008FCDA2 /* MainModels.swift in Sources */ = {isa = PBXBuildFile; fileRef = EAEBAFDF26945856008FCDA2 /* MainModels.swift */; };
		EAEBAFE626945856008FCDA2 /* MainViewController.swift in Sources */ = {isa = PBXBuildFile; fileRef = EAEBAFE026945856008FCDA2 /* MainViewController.swift */; };
		EAEBAFE726945856008FCDA2 /* MainInteractor.swift in Sources */ = {isa = PBXBuildFile; fileRef = EAEBAFE126945856008FCDA2 /* MainInteractor.swift */; };
/* End PBXBuildFile section */

/* Begin PBXFileReference section */
		27CE9262A4ADD8EEDA2A42E1 /* Pods_CleanArchitecture.framework */ = {isa = PBXFileReference; explicitFileType = wrapper.framework; includeInIndex = 0; path = Pods_CleanArchitecture.framework; sourceTree = BUILT_PRODUCTS_DIR; };
		2866407ECA175546C815B284 /* Pods-CleanArchitecture.debug.xcconfig */ = {isa = PBXFileReference; includeInIndex = 1; lastKnownFileType = text.xcconfig; name = "Pods-CleanArchitecture.debug.xcconfig"; path = "Target Support Files/Pods-CleanArchitecture/Pods-CleanArchitecture.debug.xcconfig"; sourceTree = "<group>"; };
		DAB491F043F6CF439893F9E4 /* Pods-CleanArchitecture.release.xcconfig */ = {isa = PBXFileReference; includeInIndex = 1; lastKnownFileType = text.xcconfig; name = "Pods-CleanArchitecture.release.xcconfig"; path = "Target Support Files/Pods-CleanArchitecture/Pods-CleanArchitecture.release.xcconfig"; sourceTree = "<group>"; };
		EA3793732694596C002F81DF /* NetworkChecker.swift */ = {isa = PBXFileReference; fileEncoding = 4; lastKnownFileType = sourcecode.swift; path = NetworkChecker.swift; sourceTree = "<group>"; };
		EA3793742694596C002F81DF /* API.swift */ = {isa = PBXFileReference; fileEncoding = 4; lastKnownFileType = sourcecode.swift; path = API.swift; sourceTree = "<group>"; };
		EA3793752694596C002F81DF /* MpayService.swift */ = {isa = PBXFileReference; fileEncoding = 4; lastKnownFileType = sourcecode.swift; path = MpayService.swift; sourceTree = "<group>"; };
		EA3793762694596C002F81DF /* RequestBuilder.swift */ = {isa = PBXFileReference; fileEncoding = 4; lastKnownFileType = sourcecode.swift; path = RequestBuilder.swift; sourceTree = "<group>"; };
		EA3793772694596C002F81DF /* APIError + APIResult.swift */ = {isa = PBXFileReference; fileEncoding = 4; lastKnownFileType = sourcecode.swift; path = "APIError + APIResult.swift"; sourceTree = "<group>"; };
		EA3793782694596C002F81DF /* NetworkService.swift */ = {isa = PBXFileReference; fileEncoding = 4; lastKnownFileType = sourcecode.swift; path = NetworkService.swift; sourceTree = "<group>"; };
		EA3793792694596C002F81DF /* NetworkConfig.swift */ = {isa = PBXFileReference; fileEncoding = 4; lastKnownFileType = sourcecode.swift; path = NetworkConfig.swift; sourceTree = "<group>"; };
		EA3793A626945B5D002F81DF /* TestModel.swift */ = {isa = PBXFileReference; lastKnownFileType = sourcecode.swift; path = TestModel.swift; sourceTree = "<group>"; };
		EA38197226946072007719C3 /* LoginPresenter.swift */ = {isa = PBXFileReference; lastKnownFileType = sourcecode.swift; path = LoginPresenter.swift; sourceTree = "<group>"; };
		EA38197326946072007719C3 /* LoginWorker.swift */ = {isa = PBXFileReference; lastKnownFileType = sourcecode.swift; path = LoginWorker.swift; sourceTree = "<group>"; };
		EA38197426946072007719C3 /* LoginRouter.swift */ = {isa = PBXFileReference; lastKnownFileType = sourcecode.swift; path = LoginRouter.swift; sourceTree = "<group>"; };
		EA38197526946072007719C3 /* LoginModels.swift */ = {isa = PBXFileReference; lastKnownFileType = sourcecode.swift; path = LoginModels.swift; sourceTree = "<group>"; };
		EA38197626946072007719C3 /* LoginViewController.swift */ = {isa = PBXFileReference; lastKnownFileType = sourcecode.swift; path = LoginViewController.swift; sourceTree = "<group>"; };
		EA38197726946072007719C3 /* LoginInteractor.swift */ = {isa = PBXFileReference; lastKnownFileType = sourcecode.swift; path = LoginInteractor.swift; sourceTree = "<group>"; };
		EA38197F26946122007719C3 /* MainView.swift */ = {isa = PBXFileReference; lastKnownFileType = sourcecode.swift; path = MainView.swift; sourceTree = "<group>"; };
		EA38198426946188007719C3 /* Validation.swift */ = {isa = PBXFileReference; fileEncoding = 4; lastKnownFileType = sourcecode.swift; path = Validation.swift; sourceTree = "<group>"; };
		EA38198526946188007719C3 /* ButtonBuilder.swift */ = {isa = PBXFileReference; fileEncoding = 4; lastKnownFileType = sourcecode.swift; path = ButtonBuilder.swift; sourceTree = "<group>"; };
		EA38198626946188007719C3 /* LabelBuilder.swift */ = {isa = PBXFileReference; fileEncoding = 4; lastKnownFileType = sourcecode.swift; path = LabelBuilder.swift; sourceTree = "<group>"; };
		EA38198726946188007719C3 /* Builder.swift */ = {isa = PBXFileReference; fileEncoding = 4; lastKnownFileType = sourcecode.swift; path = Builder.swift; sourceTree = "<group>"; };
		EA38198826946188007719C3 /* TextFieldBuilder.swift */ = {isa = PBXFileReference; fileEncoding = 4; lastKnownFileType = sourcecode.swift; path = TextFieldBuilder.swift; sourceTree = "<group>"; };
		EAEBAFC126945761008FCDA2 /* CleanArchitecture.app */ = {isa = PBXFileReference; explicitFileType = wrapper.application; includeInIndex = 0; path = CleanArchitecture.app; sourceTree = BUILT_PRODUCTS_DIR; };
		EAEBAFC426945761008FCDA2 /* AppDelegate.swift */ = {isa = PBXFileReference; lastKnownFileType = sourcecode.swift; path = AppDelegate.swift; sourceTree = "<group>"; };
		EAEBAFC626945761008FCDA2 /* SceneDelegate.swift */ = {isa = PBXFileReference; lastKnownFileType = sourcecode.swift; path = SceneDelegate.swift; sourceTree = "<group>"; };
		EAEBAFCD26945762008FCDA2 /* Assets.xcassets */ = {isa = PBXFileReference; lastKnownFileType = folder.assetcatalog; path = Assets.xcassets; sourceTree = "<group>"; };
		EAEBAFD026945762008FCDA2 /* Base */ = {isa = PBXFileReference; lastKnownFileType = file.storyboard; name = Base; path = Base.lproj/LaunchScreen.storyboard; sourceTree = "<group>"; };
		EAEBAFD226945762008FCDA2 /* Info.plist */ = {isa = PBXFileReference; lastKnownFileType = text.plist.xml; path = Info.plist; sourceTree = "<group>"; };
		EAEBAFDC26945855008FCDA2 /* MainPresenter.swift */ = {isa = PBXFileReference; lastKnownFileType = sourcecode.swift; path = MainPresenter.swift; sourceTree = "<group>"; };
		EAEBAFDD26945856008FCDA2 /* MainWorker.swift */ = {isa = PBXFileReference; lastKnownFileType = sourcecode.swift; path = MainWorker.swift; sourceTree = "<group>"; };
		EAEBAFDE26945856008FCDA2 /* MainRouter.swift */ = {isa = PBXFileReference; lastKnownFileType = sourcecode.swift; path = MainRouter.swift; sourceTree = "<group>"; };
		EAEBAFDF26945856008FCDA2 /* MainModels.swift */ = {isa = PBXFileReference; lastKnownFileType = sourcecode.swift; path = MainModels.swift; sourceTree = "<group>"; };
		EAEBAFE026945856008FCDA2 /* MainViewController.swift */ = {isa = PBXFileReference; lastKnownFileType = sourcecode.swift; path = MainViewController.swift; sourceTree = "<group>"; };
		EAEBAFE126945856008FCDA2 /* MainInteractor.swift */ = {isa = PBXFileReference; lastKnownFileType = sourcecode.swift; path = MainInteractor.swift; sourceTree = "<group>"; };
/* End PBXFileReference section */

/* Begin PBXFrameworksBuildPhase section */
		EAEBAFBE26945761008FCDA2 /* Frameworks */ = {
			isa = PBXFrameworksBuildPhase;
			buildActionMask = 2147483647;
			files = (
				E8A3EBA29F202EB31A1879FC /* Pods_CleanArchitecture.framework in Frameworks */,
			);
			runOnlyForDeploymentPostprocessing = 0;
		};
/* End PBXFrameworksBuildPhase section */

/* Begin PBXGroup section */
		AB8AC05D91332E9C4D9F99D1 /* Pods */ = {
			isa = PBXGroup;
			children = (
				2866407ECA175546C815B284 /* Pods-CleanArchitecture.debug.xcconfig */,
				DAB491F043F6CF439893F9E4 /* Pods-CleanArchitecture.release.xcconfig */,
			);
			path = Pods;
			sourceTree = "<group>";
		};
		ADC4D4246DF82E5E00B71D65 /* Frameworks */ = {
			isa = PBXGroup;
			children = (
				27CE9262A4ADD8EEDA2A42E1 /* Pods_CleanArchitecture.framework */,
			);
			name = Frameworks;
			sourceTree = "<group>";
		};
		EA3793A226945B36002F81DF /* Scene */ = {
			isa = PBXGroup;
			children = (
				EA3819712694605B007719C3 /* Login */,
				EAEBAFDB26945833008FCDA2 /* Main */,
			);
			path = Scene;
			sourceTree = "<group>";
		};
		EA3793A326945B3D002F81DF /* View */ = {
			isa = PBXGroup;
			children = (
				EA38197F26946122007719C3 /* MainView.swift */,
			);
			path = View;
			sourceTree = "<group>";
		};
		EA3793A526945B4C002F81DF /* Model */ = {
			isa = PBXGroup;
			children = (
				EA3793A626945B5D002F81DF /* TestModel.swift */,
			);
			path = Model;
			sourceTree = "<group>";
		};
		EA3819712694605B007719C3 /* Login */ = {
			isa = PBXGroup;
			children = (
				EA38197226946072007719C3 /* LoginPresenter.swift */,
				EA38197326946072007719C3 /* LoginWorker.swift */,
				EA38197426946072007719C3 /* LoginRouter.swift */,
				EA38197526946072007719C3 /* LoginModels.swift */,
				EA38197626946072007719C3 /* LoginViewController.swift */,
				EA38197726946072007719C3 /* LoginInteractor.swift */,
			);
			path = Login;
			sourceTree = "<group>";
		};
		EA38198326946188007719C3 /* Validation */ = {
			isa = PBXGroup;
			children = (
				EA38198426946188007719C3 /* Validation.swift */,
			);
			path = Validation;
			sourceTree = "<group>";
		};
		EAEBAFB826945761008FCDA2 = {
			isa = PBXGroup;
			children = (
				EAEBAFC326945761008FCDA2 /* CleanArchitecture */,
				EAEBAFC226945761008FCDA2 /* Products */,
				AB8AC05D91332E9C4D9F99D1 /* Pods */,
				ADC4D4246DF82E5E00B71D65 /* Frameworks */,
			);
			sourceTree = "<group>";
		};
		EAEBAFC226945761008FCDA2 /* Products */ = {
			isa = PBXGroup;
			children = (
				EAEBAFC126945761008FCDA2 /* CleanArchitecture.app */,
			);
			name = Products;
			sourceTree = "<group>";
		};
		EAEBAFC326945761008FCDA2 /* CleanArchitecture */ = {
			isa = PBXGroup;
			children = (
				EA3793A526945B4C002F81DF /* Model */,
				EA3793A326945B3D002F81DF /* View */,
				EA3793A226945B36002F81DF /* Scene */,
				EAEBAFEA26945899008FCDA2 /* Utils */,
				EAEBAFC426945761008FCDA2 /* AppDelegate.swift */,
				EAEBAFC626945761008FCDA2 /* SceneDelegate.swift */,
				EAEBAFCD26945762008FCDA2 /* Assets.xcassets */,
				EAEBAFCF26945762008FCDA2 /* LaunchScreen.storyboard */,
				EAEBAFD226945762008FCDA2 /* Info.plist */,
			);
			path = CleanArchitecture;
			sourceTree = "<group>";
		};
		EAEBAFDB26945833008FCDA2 /* Main */ = {
			isa = PBXGroup;
			children = (
				EAEBAFDC26945855008FCDA2 /* MainPresenter.swift */,
				EAEBAFDD26945856008FCDA2 /* MainWorker.swift */,
				EAEBAFDE26945856008FCDA2 /* MainRouter.swift */,
				EAEBAFDF26945856008FCDA2 /* MainModels.swift */,
				EAEBAFE026945856008FCDA2 /* MainViewController.swift */,
				EAEBAFE126945856008FCDA2 /* MainInteractor.swift */,
			);
			path = Main;
			sourceTree = "<group>";
		};
		EAEBAFEA26945899008FCDA2 /* Utils */ = {
			isa = PBXGroup;
			children = (
				EAEBAFEB269458A1008FCDA2 /* Network */,
				EA38198326946188007719C3 /* Validation */,
				EA38198726946188007719C3 /* Builder.swift */,
				EA38198526946188007719C3 /* ButtonBuilder.swift */,
				EA38198626946188007719C3 /* LabelBuilder.swift */,
				EA38198826946188007719C3 /* TextFieldBuilder.swift */,
			);
			path = Utils;
			sourceTree = "<group>";
		};
		EAEBAFEB269458A1008FCDA2 /* Network */ = {
			isa = PBXGroup;
			children = (
				EA3793772694596C002F81DF /* APIError + APIResult.swift */,
				EA3793742694596C002F81DF /* API.swift */,
				EA3793752694596C002F81DF /* MpayService.swift */,
				EA3793732694596C002F81DF /* NetworkChecker.swift */,
				EA3793792694596C002F81DF /* NetworkConfig.swift */,
				EA3793782694596C002F81DF /* NetworkService.swift */,
				EA3793762694596C002F81DF /* RequestBuilder.swift */,
			);
			path = Network;
			sourceTree = "<group>";
		};
/* End PBXGroup section */

/* Begin PBXNativeTarget section */
		EAEBAFC026945761008FCDA2 /* CleanArchitecture */ = {
			isa = PBXNativeTarget;
			buildConfigurationList = EAEBAFD526945762008FCDA2 /* Build configuration list for PBXNativeTarget "CleanArchitecture" */;
			buildPhases = (
				2F356E14EF3461AC5190CB94 /* [CP] Check Pods Manifest.lock */,
				EAEBAFBD26945761008FCDA2 /* Sources */,
				EAEBAFBE26945761008FCDA2 /* Frameworks */,
				EAEBAFBF26945761008FCDA2 /* Resources */,
				76319A971095E4BCF1743249 /* [CP] Embed Pods Frameworks */,
			);
			buildRules = (
			);
			dependencies = (
			);
			name = CleanArchitecture;
			productName = CleanArchitecture;
			productReference = EAEBAFC126945761008FCDA2 /* CleanArchitecture.app */;
			productType = "com.apple.product-type.application";
		};
/* End PBXNativeTarget section */

/* Begin PBXProject section */
		EAEBAFB926945761008FCDA2 /* Project object */ = {
			isa = PBXProject;
			attributes = {
				LastSwiftUpdateCheck = 1240;
				LastUpgradeCheck = 1240;
				TargetAttributes = {
					EAEBAFC026945761008FCDA2 = {
						CreatedOnToolsVersion = 12.4;
					};
				};
			};
			buildConfigurationList = EAEBAFBC26945761008FCDA2 /* Build configuration list for PBXProject "CleanArchitecture" */;
			compatibilityVersion = "Xcode 9.3";
			developmentRegion = en;
			hasScannedForEncodings = 0;
			knownRegions = (
				en,
				Base,
			);
			mainGroup = EAEBAFB826945761008FCDA2;
			productRefGroup = EAEBAFC226945761008FCDA2 /* Products */;
			projectDirPath = "";
			projectRoot = "";
			targets = (
				EAEBAFC026945761008FCDA2 /* CleanArchitecture */,
			);
		};
/* End PBXProject section */

/* Begin PBXResourcesBuildPhase section */
		EAEBAFBF26945761008FCDA2 /* Resources */ = {
			isa = PBXResourcesBuildPhase;
			buildActionMask = 2147483647;
			files = (
				EAEBAFD126945762008FCDA2 /* LaunchScreen.storyboard in Resources */,
				EAEBAFCE26945762008FCDA2 /* Assets.xcassets in Resources */,
			);
			runOnlyForDeploymentPostprocessing = 0;
		};
/* End PBXResourcesBuildPhase section */

/* Begin PBXShellScriptBuildPhase section */
		2F356E14EF3461AC5190CB94 /* [CP] Check Pods Manifest.lock */ = {
			isa = PBXShellScriptBuildPhase;
			buildActionMask = 2147483647;
			files = (
			);
			inputFileListPaths = (
			);
			inputPaths = (
				"${PODS_PODFILE_DIR_PATH}/Podfile.lock",
				"${PODS_ROOT}/Manifest.lock",
			);
			name = "[CP] Check Pods Manifest.lock";
			outputFileListPaths = (
			);
			outputPaths = (
				"$(DERIVED_FILE_DIR)/Pods-CleanArchitecture-checkManifestLockResult.txt",
			);
			runOnlyForDeploymentPostprocessing = 0;
			shellPath = /bin/sh;
			shellScript = "diff \"${PODS_PODFILE_DIR_PATH}/Podfile.lock\" \"${PODS_ROOT}/Manifest.lock\" > /dev/null\nif [ $? != 0 ] ; then\n    # print error to STDERR\n    echo \"error: The sandbox is not in sync with the Podfile.lock. Run 'pod install' or update your CocoaPods installation.\" >&2\n    exit 1\nfi\n# This output is used by Xcode 'outputs' to avoid re-running this script phase.\necho \"SUCCESS\" > \"${SCRIPT_OUTPUT_FILE_0}\"\n";
			showEnvVarsInLog = 0;
		};
		76319A971095E4BCF1743249 /* [CP] Embed Pods Frameworks */ = {
			isa = PBXShellScriptBuildPhase;
			buildActionMask = 2147483647;
			files = (
			);
			inputFileListPaths = (
				"${PODS_ROOT}/Target Support Files/Pods-CleanArchitecture/Pods-CleanArchitecture-frameworks-${CONFIGURATION}-input-files.xcfilelist",
			);
			name = "[CP] Embed Pods Frameworks";
			outputFileListPaths = (
				"${PODS_ROOT}/Target Support Files/Pods-CleanArchitecture/Pods-CleanArchitecture-frameworks-${CONFIGURATION}-output-files.xcfilelist",
			);
			runOnlyForDeploymentPostprocessing = 0;
			shellPath = /bin/sh;
			shellScript = "\"${PODS_ROOT}/Target Support Files/Pods-CleanArchitecture/Pods-CleanArchitecture-frameworks.sh\"\n";
			showEnvVarsInLog = 0;
		};
/* End PBXShellScriptBuildPhase section */

/* Begin PBXSourcesBuildPhase section */
		EAEBAFBD26945761008FCDA2 /* Sources */ = {
			isa = PBXSourcesBuildPhase;
			buildActionMask = 2147483647;
			files = (
				EA38197C26946072007719C3 /* LoginViewController.swift in Sources */,
				EA38198D26946188007719C3 /* TextFieldBuilder.swift in Sources */,
				EA37937C2694596D002F81DF /* MpayService.swift in Sources */,
				EA38197B26946072007719C3 /* LoginModels.swift in Sources */,
				EAEBAFC526945761008FCDA2 /* AppDelegate.swift in Sources */,
				EAEBAFC726945761008FCDA2 /* SceneDelegate.swift in Sources */,
				EA37937D2694596D002F81DF /* RequestBuilder.swift in Sources */,
				EA37937E2694596D002F81DF /* APIError + APIResult.swift in Sources */,
				EA38198026946122007719C3 /* MainView.swift in Sources */,
				EA38197926946072007719C3 /* LoginWorker.swift in Sources */,
				EA37937A2694596D002F81DF /* NetworkChecker.swift in Sources */,
				EA37937F2694596D002F81DF /* NetworkService.swift in Sources */,
				EA37937B2694596D002F81DF /* API.swift in Sources */,
				EA38198A26946188007719C3 /* ButtonBuilder.swift in Sources */,
				EAEBAFE326945856008FCDA2 /* MainWorker.swift in Sources */,
				EA38197D26946072007719C3 /* LoginInteractor.swift in Sources */,
				EA38197826946072007719C3 /* LoginPresenter.swift in Sources */,
				EA38198B26946188007719C3 /* LabelBuilder.swift in Sources */,
				EAEBAFE226945856008FCDA2 /* MainPresenter.swift in Sources */,
				EAEBAFE726945856008FCDA2 /* MainInteractor.swift in Sources */,
				EA3793A726945B5D002F81DF /* TestModel.swift in Sources */,
				EA38197A26946072007719C3 /* LoginRouter.swift in Sources */,
				EA3793802694596D002F81DF /* NetworkConfig.swift in Sources */,
				EAEBAFE526945856008FCDA2 /* MainModels.swift in Sources */,
				EA38198C26946188007719C3 /* Builder.swift in Sources */,
				EAEBAFE426945856008FCDA2 /* MainRouter.swift in Sources */,
				EA38198926946188007719C3 /* Validation.swift in Sources */,
				EAEBAFE626945856008FCDA2 /* MainViewController.swift in Sources */,
			);
			runOnlyForDeploymentPostprocessing = 0;
		};
/* End PBXSourcesBuildPhase section */

/* Begin PBXVariantGroup section */
		EAEBAFCF26945762008FCDA2 /* LaunchScreen.storyboard */ = {
			isa = PBXVariantGroup;
			children = (
				EAEBAFD026945762008FCDA2 /* Base */,
			);
			name = LaunchScreen.storyboard;
			sourceTree = "<group>";
		};
/* End PBXVariantGroup section */

/* Begin XCBuildConfiguration section */
		EAEBAFD326945762008FCDA2 /* Debug */ = {
			isa = XCBuildConfiguration;
			buildSettings = {
				ALWAYS_SEARCH_USER_PATHS = NO;
				CLANG_ANALYZER_NONNULL = YES;
				CLANG_ANALYZER_NUMBER_OBJECT_CONVERSION = YES_AGGRESSIVE;
				CLANG_CXX_LANGUAGE_STANDARD = "gnu++14";
				CLANG_CXX_LIBRARY = "libc++";
				CLANG_ENABLE_MODULES = YES;
				CLANG_ENABLE_OBJC_ARC = YES;
				CLANG_ENABLE_OBJC_WEAK = YES;
				CLANG_WARN_BLOCK_CAPTURE_AUTORELEASING = YES;
				CLANG_WARN_BOOL_CONVERSION = YES;
				CLANG_WARN_COMMA = YES;
				CLANG_WARN_CONSTANT_CONVERSION = YES;
				CLANG_WARN_DEPRECATED_OBJC_IMPLEMENTATIONS = YES;
				CLANG_WARN_DIRECT_OBJC_ISA_USAGE = YES_ERROR;
				CLANG_WARN_DOCUMENTATION_COMMENTS = YES;
				CLANG_WARN_EMPTY_BODY = YES;
				CLANG_WARN_ENUM_CONVERSION = YES;
				CLANG_WARN_INFINITE_RECURSION = YES;
				CLANG_WARN_INT_CONVERSION = YES;
				CLANG_WARN_NON_LITERAL_NULL_CONVERSION = YES;
				CLANG_WARN_OBJC_IMPLICIT_RETAIN_SELF = YES;
				CLANG_WARN_OBJC_LITERAL_CONVERSION = YES;
				CLANG_WARN_OBJC_ROOT_CLASS = YES_ERROR;
				CLANG_WARN_QUOTED_INCLUDE_IN_FRAMEWORK_HEADER = YES;
				CLANG_WARN_RANGE_LOOP_ANALYSIS = YES;
				CLANG_WARN_STRICT_PROTOTYPES = YES;
				CLANG_WARN_SUSPICIOUS_MOVE = YES;
				CLANG_WARN_UNGUARDED_AVAILABILITY = YES_AGGRESSIVE;
				CLANG_WARN_UNREACHABLE_CODE = YES;
				CLANG_WARN__DUPLICATE_METHOD_MATCH = YES;
				COPY_PHASE_STRIP = NO;
				DEBUG_INFORMATION_FORMAT = dwarf;
				ENABLE_STRICT_OBJC_MSGSEND = YES;
				ENABLE_TESTABILITY = YES;
				GCC_C_LANGUAGE_STANDARD = gnu11;
				GCC_DYNAMIC_NO_PIC = NO;
				GCC_NO_COMMON_BLOCKS = YES;
				GCC_OPTIMIZATION_LEVEL = 0;
				GCC_PREPROCESSOR_DEFINITIONS = (
					"DEBUG=1",
					"$(inherited)",
				);
				GCC_WARN_64_TO_32_BIT_CONVERSION = YES;
				GCC_WARN_ABOUT_RETURN_TYPE = YES_ERROR;
				GCC_WARN_UNDECLARED_SELECTOR = YES;
				GCC_WARN_UNINITIALIZED_AUTOS = YES_AGGRESSIVE;
				GCC_WARN_UNUSED_FUNCTION = YES;
				GCC_WARN_UNUSED_VARIABLE = YES;
				IPHONEOS_DEPLOYMENT_TARGET = 14.2;
				MTL_ENABLE_DEBUG_INFO = INCLUDE_SOURCE;
				MTL_FAST_MATH = YES;
				ONLY_ACTIVE_ARCH = YES;
				SDKROOT = iphoneos;
				SWIFT_ACTIVE_COMPILATION_CONDITIONS = DEBUG;
				SWIFT_OPTIMIZATION_LEVEL = "-Onone";
			};
			name = Debug;
		};
		EAEBAFD426945762008FCDA2 /* Release */ = {
			isa = XCBuildConfiguration;
			buildSettings = {
				ALWAYS_SEARCH_USER_PATHS = NO;
				CLANG_ANALYZER_NONNULL = YES;
				CLANG_ANALYZER_NUMBER_OBJECT_CONVERSION = YES_AGGRESSIVE;
				CLANG_CXX_LANGUAGE_STANDARD = "gnu++14";
				CLANG_CXX_LIBRARY = "libc++";
				CLANG_ENABLE_MODULES = YES;
				CLANG_ENABLE_OBJC_ARC = YES;
				CLANG_ENABLE_OBJC_WEAK = YES;
				CLANG_WARN_BLOCK_CAPTURE_AUTORELEASING = YES;
				CLANG_WARN_BOOL_CONVERSION = YES;
				CLANG_WARN_COMMA = YES;
				CLANG_WARN_CONSTANT_CONVERSION = YES;
				CLANG_WARN_DEPRECATED_OBJC_IMPLEMENTATIONS = YES;
				CLANG_WARN_DIRECT_OBJC_ISA_USAGE = YES_ERROR;
				CLANG_WARN_DOCUMENTATION_COMMENTS = YES;
				CLANG_WARN_EMPTY_BODY = YES;
				CLANG_WARN_ENUM_CONVERSION = YES;
				CLANG_WARN_INFINITE_RECURSION = YES;
				CLANG_WARN_INT_CONVERSION = YES;
				CLANG_WARN_NON_LITERAL_NULL_CONVERSION = YES;
				CLANG_WARN_OBJC_IMPLICIT_RETAIN_SELF = YES;
				CLANG_WARN_OBJC_LITERAL_CONVERSION = YES;
				CLANG_WARN_OBJC_ROOT_CLASS = YES_ERROR;
				CLANG_WARN_QUOTED_INCLUDE_IN_FRAMEWORK_HEADER = YES;
				CLANG_WARN_RANGE_LOOP_ANALYSIS = YES;
				CLANG_WARN_STRICT_PROTOTYPES = YES;
				CLANG_WARN_SUSPICIOUS_MOVE = YES;
				CLANG_WARN_UNGUARDED_AVAILABILITY = YES_AGGRESSIVE;
				CLANG_WARN_UNREACHABLE_CODE = YES;
				CLANG_WARN__DUPLICATE_METHOD_MATCH = YES;
				COPY_PHASE_STRIP = NO;
				DEBUG_INFORMATION_FORMAT = "dwarf-with-dsym";
				ENABLE_NS_ASSERTIONS = NO;
				ENABLE_STRICT_OBJC_MSGSEND = YES;
				GCC_C_LANGUAGE_STANDARD = gnu11;
				GCC_NO_COMMON_BLOCKS = YES;
				GCC_WARN_64_TO_32_BIT_CONVERSION = YES;
				GCC_WARN_ABOUT_RETURN_TYPE = YES_ERROR;
				GCC_WARN_UNDECLARED_SELECTOR = YES;
				GCC_WARN_UNINITIALIZED_AUTOS = YES_AGGRESSIVE;
				GCC_WARN_UNUSED_FUNCTION = YES;
				GCC_WARN_UNUSED_VARIABLE = YES;
				IPHONEOS_DEPLOYMENT_TARGET = 14.2;
				MTL_ENABLE_DEBUG_INFO = NO;
				MTL_FAST_MATH = YES;
				SDKROOT = iphoneos;
				SWIFT_COMPILATION_MODE = wholemodule;
				SWIFT_OPTIMIZATION_LEVEL = "-O";
				VALIDATE_PRODUCT = YES;
			};
			name = Release;
		};
		EAEBAFD626945762008FCDA2 /* Debug */ = {
			isa = XCBuildConfiguration;
			baseConfigurationReference = 2866407ECA175546C815B284 /* Pods-CleanArchitecture.debug.xcconfig */;
			buildSettings = {
				ASSETCATALOG_COMPILER_APPICON_NAME = AppIcon;
				ASSETCATALOG_COMPILER_GLOBAL_ACCENT_COLOR_NAME = AccentColor;
				CODE_SIGN_STYLE = Automatic;
				DEVELOPMENT_TEAM = L2VUB7Y3L2;
				INFOPLIST_FILE = CleanArchitecture/Info.plist;
				LD_RUNPATH_SEARCH_PATHS = (
					"$(inherited)",
					"@executable_path/Frameworks",
				);
				PRODUCT_BUNDLE_IDENTIFIER = com.swkwon.CleanArchitecture;
				PRODUCT_NAME = "$(TARGET_NAME)";
				SWIFT_VERSION = 5.0;
				TARGETED_DEVICE_FAMILY = "1,2";
			};
			name = Debug;
		};
		EAEBAFD726945762008FCDA2 /* Release */ = {
			isa = XCBuildConfiguration;
			baseConfigurationReference = DAB491F043F6CF439893F9E4 /* Pods-CleanArchitecture.release.xcconfig */;
			buildSettings = {
				ASSETCATALOG_COMPILER_APPICON_NAME = AppIcon;
				ASSETCATALOG_COMPILER_GLOBAL_ACCENT_COLOR_NAME = AccentColor;
				CODE_SIGN_STYLE = Automatic;
				DEVELOPMENT_TEAM = L2VUB7Y3L2;
				INFOPLIST_FILE = CleanArchitecture/Info.plist;
				LD_RUNPATH_SEARCH_PATHS = (
					"$(inherited)",
					"@executable_path/Frameworks",
				);
				PRODUCT_BUNDLE_IDENTIFIER = com.swkwon.CleanArchitecture;
				PRODUCT_NAME = "$(TARGET_NAME)";
				SWIFT_VERSION = 5.0;
				TARGETED_DEVICE_FAMILY = "1,2";
			};
			name = Release;
		};
/* End XCBuildConfiguration section */

/* Begin XCConfigurationList section */
		EAEBAFBC26945761008FCDA2 /* Build configuration list for PBXProject "CleanArchitecture" */ = {
			isa = XCConfigurationList;
			buildConfigurations = (
				EAEBAFD326945762008FCDA2 /* Debug */,
				EAEBAFD426945762008FCDA2 /* Release */,
			);
			defaultConfigurationIsVisible = 0;
			defaultConfigurationName = Release;
		};
		EAEBAFD526945762008FCDA2 /* Build configuration list for PBXNativeTarget "CleanArchitecture" */ = {
			isa = XCConfigurationList;
			buildConfigurations = (
				EAEBAFD626945762008FCDA2 /* Debug */,
				EAEBAFD726945762008FCDA2 /* Release */,
			);
			defaultConfigurationIsVisible = 0;
			defaultConfigurationName = Release;
		};
/* End XCConfigurationList section */
	};
	rootObject = EAEBAFB926945761008FCDA2 /* Project object */;
}
